{
  "name": "rum-diary-endpoint",
  "version": "0.0.2",
  "dependencies": {
    "bluebird": {
      "version": "1.2.4",
      "from": "bluebird@1.2.4"
    },
    "request": {
      "version": "2.35.0",
      "from": "request@2.35.0",
      "resolved": "https://registry.npmjs.org/request/-/request-2.35.0.tgz",
      "dependencies": {
        "forever-agent": {
          "version": "0.5.2",
          "from": "forever-agent@~0.5.0"
        },
        "json-stringify-safe": {
          "version": "5.0.0",
          "from": "json-stringify-safe@~5.0.0"
        },
        "lodash.merge": {
          "version": "2.4.1",
          "from": "lodash.merge@~2.4.1",
          "resolved": "https://registry.npmjs.org/lodash.merge/-/lodash.merge-2.4.1.tgz",
          "dependencies": {
            "lodash._basecreatecallback": {
              "version": "2.4.1",
              "from": "lodash._basecreatecallback@~2.4.1",
              "dependencies": {
                "lodash.bind": {
                  "version": "2.4.1",
                  "from": "lodash.bind@~2.4.1",
                  "dependencies": {
                    "lodash._createwrapper": {
                      "version": "2.4.1",
                      "from": "lodash._createwrapper@~2.4.1",
                      "dependencies": {
                        "lodash._basebind": {
                          "version": "2.4.1",
                          "from": "lodash._basebind@~2.4.1",
                          "dependencies": {
                            "lodash._basecreate": {
                              "version": "2.4.1",
                              "from": "lodash._basecreate@~2.4.1",
                              "dependencies": {
                                "lodash._isnative": {
                                  "version": "2.4.1",
                                  "from": "lodash._isnative@~2.4.1"
                                },
                                "lodash.noop": {
                                  "version": "2.4.1",
                                  "from": "lodash.noop@~2.4.1"
                                }
                              }
                            }
                          }
                        },
                        "lodash._basecreatewrapper": {
                          "version": "2.4.1",
                          "from": "lodash._basecreatewrapper@~2.4.1",
                          "dependencies": {
                            "lodash._basecreate": {
                              "version": "2.4.1",
                              "from": "lodash._basecreate@~2.4.1",
                              "dependencies": {
                                "lodash._isnative": {
                                  "version": "2.4.1",
                                  "from": "lodash._isnative@~2.4.1"
                                },
                                "lodash.noop": {
                                  "version": "2.4.1",
                                  "from": "lodash.noop@~2.4.1"
                                }
                              }
                            }
                          }
                        },
                        "lodash.isfunction": {
                          "version": "2.4.1",
                          "from": "lodash.isfunction@~2.4.1"
                        }
                      }
                    }
                  }
                },
                "lodash.identity": {
                  "version": "2.4.1",
                  "from": "lodash.identity@~2.4.1"
                },
                "lodash._setbinddata": {
                  "version": "2.4.1",
                  "from": "lodash._setbinddata@~2.4.1",
                  "dependencies": {
                    "lodash._isnative": {
                      "version": "2.4.1",
                      "from": "lodash._isnative@~2.4.1"
                    },
                    "lodash.noop": {
                      "version": "2.4.1",
                      "from": "lodash.noop@~2.4.1"
                    }
                  }
                },
                "lodash.support": {
                  "version": "2.4.1",
                  "from": "lodash.support@~2.4.1",
                  "dependencies": {
                    "lodash._isnative": {
                      "version": "2.4.1",
                      "from": "lodash._isnative@~2.4.1"
                    }
                  }
                }
              }
            },
            "lodash._basemerge": {
              "version": "2.4.1",
              "from": "lodash._basemerge@~2.4.1",
              "resolved": "https://registry.npmjs.org/lodash._basemerge/-/lodash._basemerge-2.4.1.tgz",
              "dependencies": {
                "lodash.foreach": {
                  "version": "2.4.1",
                  "from": "lodash.foreach@~2.4.1",
                  "resolved": "https://registry.npmjs.org/lodash.foreach/-/lodash.foreach-2.4.1.tgz"
                },
                "lodash.forown": {
                  "version": "2.4.1",
                  "from": "lodash.forown@~2.4.1",
                  "resolved": "https://registry.npmjs.org/lodash.forown/-/lodash.forown-2.4.1.tgz",
                  "dependencies": {
                    "lodash.keys": {
                      "version": "2.4.1",
                      "from": "lodash.keys@~2.4.1",
                      "dependencies": {
                        "lodash._isnative": {
                          "version": "2.4.1",
                          "from": "lodash._isnative@~2.4.1"
                        },
                        "lodash._shimkeys": {
                          "version": "2.4.1",
                          "from": "lodash._shimkeys@~2.4.1"
                        }
                      }
                    },
                    "lodash._objecttypes": {
                      "version": "2.4.1",
                      "from": "lodash._objecttypes@~2.4.1"
                    }
                  }
                },
                "lodash.isarray": {
                  "version": "2.4.1",
                  "from": "lodash.isarray@~2.4.1",
                  "resolved": "https://registry.npmjs.org/lodash.isarray/-/lodash.isarray-2.4.1.tgz",
                  "dependencies": {
                    "lodash._isnative": {
                      "version": "2.4.1",
                      "from": "lodash._isnative@~2.4.1"
                    }
                  }
                },
                "lodash.isplainobject": {
                  "version": "2.4.1",
                  "from": "lodash.isplainobject@~2.4.1",
                  "resolved": "https://registry.npmjs.org/lodash.isplainobject/-/lodash.isplainobject-2.4.1.tgz",
                  "dependencies": {
                    "lodash._isnative": {
                      "version": "2.4.1",
                      "from": "lodash._isnative@~2.4.1"
                    },
                    "lodash._shimisplainobject": {
                      "version": "2.4.1",
                      "from": "lodash._shimisplainobject@~2.4.1",
                      "resolved": "https://registry.npmjs.org/lodash._shimisplainobject/-/lodash._shimisplainobject-2.4.1.tgz",
                      "dependencies": {
                        "lodash.forin": {
                          "version": "2.4.1",
                          "from": "lodash.forin@~2.4.1",
                          "resolved": "https://registry.npmjs.org/lodash.forin/-/lodash.forin-2.4.1.tgz",
                          "dependencies": {
                            "lodash._objecttypes": {
                              "version": "2.4.1",
                              "from": "lodash._objecttypes@~2.4.1"
                            }
                          }
                        },
                        "lodash.isfunction": {
                          "version": "2.4.1",
                          "from": "lodash.isfunction@~2.4.1"
                        }
                      }
                    }
                  }
                }
              }
            },
            "lodash._getarray": {
              "version": "2.4.1",
              "from": "lodash._getarray@~2.4.1",
              "resolved": "https://registry.npmjs.org/lodash._getarray/-/lodash._getarray-2.4.1.tgz",
              "dependencies": {
                "lodash._arraypool": {
                  "version": "2.4.1",
                  "from": "lodash._arraypool@~2.4.1",
                  "resolved": "https://registry.npmjs.org/lodash._arraypool/-/lodash._arraypool-2.4.1.tgz"
                }
              }
            },
            "lodash.isobject": {
              "version": "2.4.1",
              "from": "lodash.isobject@~2.4.1",
              "dependencies": {
                "lodash._objecttypes": {
                  "version": "2.4.1",
                  "from": "lodash._objecttypes@~2.4.1"
                }
              }
            },
            "lodash._releasearray": {
              "version": "2.4.1",
              "from": "lodash._releasearray@~2.4.1",
              "resolved": "https://registry.npmjs.org/lodash._releasearray/-/lodash._releasearray-2.4.1.tgz",
              "dependencies": {
                "lodash._arraypool": {
                  "version": "2.4.1",
                  "from": "lodash._arraypool@~2.4.1",
                  "resolved": "https://registry.npmjs.org/lodash._arraypool/-/lodash._arraypool-2.4.1.tgz"
                },
                "lodash._maxpoolsize": {
                  "version": "2.4.1",
                  "from": "lodash._maxpoolsize@~2.4.1",
                  "resolved": "https://registry.npmjs.org/lodash._maxpoolsize/-/lodash._maxpoolsize-2.4.1.tgz"
                }
              }
            },
            "lodash._slice": {
              "version": "2.4.1",
              "from": "lodash._slice@~2.4.1"
            }
          }
        },
        "mime": {
          "version": "1.2.11",
          "from": "mime@~1.2.9"
        },
        "node-uuid": {
          "version": "1.4.1",
          "from": "node-uuid@~1.4.0"
        },
        "qs": {
          "version": "0.6.6",
          "from": "qs@~0.6.0"
        },
        "tough-cookie": {
          "version": "0.12.1",
          "from": "tough-cookie@>=0.12.0",
          "dependencies": {
            "punycode": {
              "version": "1.2.4",
              "from": "punycode@>=0.2.0"
            }
          }
        },
        "form-data": {
          "version": "0.1.2",
          "from": "form-data@~0.1.0",
          "dependencies": {
            "combined-stream": {
              "version": "0.0.4",
              "from": "combined-stream@~0.0.4",
              "dependencies": {
                "delayed-stream": {
                  "version": "0.0.5",
                  "from": "delayed-stream@0.0.5"
                }
              }
            },
            "async": {
              "version": "0.2.10",
              "from": "async@~0.2.9"
            }
          }
        },
        "tunnel-agent": {
          "version": "0.4.0",
          "from": "tunnel-agent@~0.4.0",
          "resolved": "https://registry.npmjs.org/tunnel-agent/-/tunnel-agent-0.4.0.tgz"
        },
        "http-signature": {
          "version": "0.10.0",
          "from": "http-signature@~0.10.0",
          "dependencies": {
            "assert-plus": {
              "version": "0.1.2",
              "from": "assert-plus@0.1.2"
            },
            "asn1": {
              "version": "0.1.11",
              "from": "asn1@0.1.11"
            },
            "ctype": {
              "version": "0.5.2",
              "from": "ctype@0.5.2"
            }
          }
        },
        "oauth-sign": {
          "version": "0.3.0",
          "from": "oauth-sign@~0.3.0"
        },
        "hawk": {
          "version": "1.0.0",
          "from": "hawk@~1.0.0",
          "dependencies": {
            "hoek": {
              "version": "0.9.1",
              "from": "hoek@0.9.x"
            },
            "boom": {
              "version": "0.4.2",
              "from": "boom@0.4.x"
            },
            "cryptiles": {
              "version": "0.2.2",
              "from": "cryptiles@0.2.x"
            },
            "sntp": {
              "version": "0.2.4",
              "from": "sntp@0.2.x"
            }
          }
        },
        "aws-sign2": {
          "version": "0.5.0",
          "from": "aws-sign2@~0.5.0"
        }
      }
    },
    "underscore": {
      "version": "1.6.0",
      "from": "underscore@~1.6.0"
    }
  }
}
